
Microsoft Visual Studio Solution File, Format Version 12.00
# Visual Studio Version 17
VisualStudioVersion = 17.11.35312.102
MinimumVisualStudioVersion = 10.0.40219.1
Project("{FAE04EC0-301F-11D3-BF4B-00C04F79EFBC}") = "AVL_Tree_Fixed", "AVL_Tree_Fixed\AVL_Tree_Fixed.csproj", "{609756B7-14E2-48D8-A28D-0DE3769D667D}"
EndProject
Global
	GlobalSection(SolutionConfigurationPlatforms) = preSolution
		Debug|Any CPU = Debug|Any CPU
		Release|Any CPU = Release|Any CPU
	EndGlobalSection
	GlobalSection(ProjectConfigurationPlatforms) = postSolution
		{609756B7-14E2-48D8-A28D-0DE3769D667D}.Debug|Any CPU.ActiveCfg = Debug|Any CPU
		{609756B7-14E2-48D8-A28D-0DE3769D667D}.Debug|Any CPU.Build.0 = Debug|Any CPU
		{609756B7-14E2-48D8-A28D-0DE3769D667D}.Release|Any CPU.ActiveCfg = Release|Any CPU
		{609756B7-14E2-48D8-A28D-0DE3769D667D}.Release|Any CPU.Build.0 = Release|Any CPU
	EndGlobalSection
	GlobalSection(SolutionProperties) = preSolution
		HideSolutionNode = FALSE
	EndGlobalSection
	GlobalSection(ExtensibilityGlobals) = postSolution
		SolutionGuid = {7C0962DA-F393-4DBE-8C92-F40BDE51DEA0}
	EndGlobalSection
EndGlobal
